
Microsoft Visual Studio Solution File, Format Version 12.00
# Visual Studio Version 17
VisualStudioVersion = 17.1.32319.34
MinimumVisualStudioVersion = 10.0.40219.1
Project("{FAE04EC0-301F-11D3-BF4B-00C04F79EFBC}") = "Cw8", "Cw8\Cw8.csproj", "{20B435F1-8196-4AC8-89E2-7C30E1090ACD}"
EndProject
Global
	GlobalSection(SolutionConfigurationPlatforms) = preSolution
		Debug|Any CPU = Debug|Any CPU
		Release|Any CPU = Release|Any CPU
	EndGlobalSection
	GlobalSection(ProjectConfigurationPlatforms) = postSolution
		{20B435F1-8196-4AC8-89E2-7C30E1090ACD}.Debug|Any CPU.ActiveCfg = Debug|Any CPU
		{20B435F1-8196-4AC8-89E2-7C30E1090ACD}.Debug|Any CPU.Build.0 = Debug|Any CPU
		{20B435F1-8196-4AC8-89E2-7C30E1090ACD}.Release|Any CPU.ActiveCfg = Release|Any CPU
		{20B435F1-8196-4AC8-89E2-7C30E1090ACD}.Release|Any CPU.Build.0 = Release|Any CPU
	EndGlobalSection
	GlobalSection(SolutionProperties) = preSolution
		HideSolutionNode = FALSE
	EndGlobalSection
	GlobalSection(ExtensibilityGlobals) = postSolution
		SolutionGuid = {1C4420F4-077D-4F40-9A70-86EAEE22CA63}
	EndGlobalSection
EndGlobal
